// !$*UTF8*$!
{
	archiveVersion = 1;
	classes = {
	};
	objectVersion = 55;
	objects = {

/* Begin PBXBuildFile section */
		B627E23228A193C900936852 /* LandmarkList.swift in Sources */ = {isa = PBXBuildFile; fileRef = B627E23128A193C900936852 /* LandmarkList.swift */; };
		B627E23428A1954400936852 /* LandmarkDetail.swift in Sources */ = {isa = PBXBuildFile; fileRef = B627E23328A1954400936852 /* LandmarkDetail.swift */; };
		B627E23628A1C60900936852 /* FavoriteButton.swift in Sources */ = {isa = PBXBuildFile; fileRef = B627E23528A1C60900936852 /* FavoriteButton.swift */; };
		B62BAEDC28A1847D004BC41E /* LandmarksApp.swift in Sources */ = {isa = PBXBuildFile; fileRef = B62BAEDB28A1847D004BC41E /* LandmarksApp.swift */; };
		B62BAEDE28A1847D004BC41E /* ContentView.swift in Sources */ = {isa = PBXBuildFile; fileRef = B62BAEDD28A1847D004BC41E /* ContentView.swift */; };
		B62BAEE028A1847F004BC41E /* Assets.xcassets in Resources */ = {isa = PBXBuildFile; fileRef = B62BAEDF28A1847F004BC41E /* Assets.xcassets */; };
		B62BAEE328A1847F004BC41E /* Preview Assets.xcassets in Resources */ = {isa = PBXBuildFile; fileRef = B62BAEE228A1847F004BC41E /* Preview Assets.xcassets */; };
		B645425C28A80BB1001EC808 /* BadgeSymbol.swift in Sources */ = {isa = PBXBuildFile; fileRef = B645425B28A80BB1001EC808 /* BadgeSymbol.swift */; };
		B645425E28A80D8F001EC808 /* RotatedBadgeSymbol.swift in Sources */ = {isa = PBXBuildFile; fileRef = B645425D28A80D8F001EC808 /* RotatedBadgeSymbol.swift */; };
		B645426028A80E50001EC808 /* Badge.swift in Sources */ = {isa = PBXBuildFile; fileRef = B645425F28A80E50001EC808 /* Badge.swift */; };
		B645426328A81110001EC808 /* hikeData.json in Resources */ = {isa = PBXBuildFile; fileRef = B645426228A81110001EC808 /* hikeData.json */; };
		B645426528A81121001EC808 /* Hike.swift in Sources */ = {isa = PBXBuildFile; fileRef = B645426428A81121001EC808 /* Hike.swift */; };
		B645426B28A812AA001EC808 /* GraphCapsule.swift in Sources */ = {isa = PBXBuildFile; fileRef = B645426728A812AA001EC808 /* GraphCapsule.swift */; };
		B645426C28A812AA001EC808 /* HikeGraph.swift in Sources */ = {isa = PBXBuildFile; fileRef = B645426828A812AA001EC808 /* HikeGraph.swift */; };
		B645426D28A812AA001EC808 /* HikeDetail.swift in Sources */ = {isa = PBXBuildFile; fileRef = B645426928A812AA001EC808 /* HikeDetail.swift */; };
		B645426E28A812AA001EC808 /* HikeView.swift in Sources */ = {isa = PBXBuildFile; fileRef = B645426A28A812AA001EC808 /* HikeView.swift */; };
		B645427128A90796001EC808 /* CategoryHome.swift in Sources */ = {isa = PBXBuildFile; fileRef = B645427028A90796001EC808 /* CategoryHome.swift */; };
		B645427328A90C0C001EC808 /* CategoryRow.swift in Sources */ = {isa = PBXBuildFile; fileRef = B645427228A90C0C001EC808 /* CategoryRow.swift */; };
		B645427728A911E8001EC808 /* CategoryItem.swift in Sources */ = {isa = PBXBuildFile; fileRef = B645427628A911E8001EC808 /* CategoryItem.swift */; };
		B645427928A922C0001EC808 /* Profile.swift in Sources */ = {isa = PBXBuildFile; fileRef = B645427828A922C0001EC808 /* Profile.swift */; };
		B645427C28A923C6001EC808 /* ProfileHost.swift in Sources */ = {isa = PBXBuildFile; fileRef = B645427B28A923C6001EC808 /* ProfileHost.swift */; };
		B645427E28A924B1001EC808 /* ProfileSummary.swift in Sources */ = {isa = PBXBuildFile; fileRef = B645427D28A924B1001EC808 /* ProfileSummary.swift */; };
		B645428028A92690001EC808 /* HikesBadge.swift in Sources */ = {isa = PBXBuildFile; fileRef = B645427F28A92690001EC808 /* HikesBadge.swift */; };
		B654B34028A1881500069AB5 /* CircleImage.swift in Sources */ = {isa = PBXBuildFile; fileRef = B654B33F28A1881500069AB5 /* CircleImage.swift */; };
		B654B34228A1894000069AB5 /* MapView.swift in Sources */ = {isa = PBXBuildFile; fileRef = B654B34128A1894000069AB5 /* MapView.swift */; };
		B654B34428A18EB500069AB5 /* landmarkData.json in Resources */ = {isa = PBXBuildFile; fileRef = B654B34328A18EB500069AB5 /* landmarkData.json */; };
		B654B34628A18EFF00069AB5 /* Landmark.swift in Sources */ = {isa = PBXBuildFile; fileRef = B654B34528A18EFF00069AB5 /* Landmark.swift */; };
		B654B34828A1906800069AB5 /* ModelData.swift in Sources */ = {isa = PBXBuildFile; fileRef = B654B34728A1906800069AB5 /* ModelData.swift */; };
		B68D64AE28A2EE8E00435FB2 /* HexagonParameters.swift in Sources */ = {isa = PBXBuildFile; fileRef = B68D64AD28A2EE8E00435FB2 /* HexagonParameters.swift */; };
		B68D64B228A2EFDE00435FB2 /* BadgeBackground.swift in Sources */ = {isa = PBXBuildFile; fileRef = B68D64B128A2EFDE00435FB2 /* BadgeBackground.swift */; };
		B69407D728A19217003D7F5A /* LandmarkRow.swift in Sources */ = {isa = PBXBuildFile; fileRef = B69407D628A19217003D7F5A /* LandmarkRow.swift */; };
		B698114528A92FA1006ECD3A /* ProfileEditor.swift in Sources */ = {isa = PBXBuildFile; fileRef = B698114428A92FA1006ECD3A /* ProfileEditor.swift */; };
		B6DB69FE28A938FE00CC119F /* PageViewController.swift in Sources */ = {isa = PBXBuildFile; fileRef = B6DB69FD28A938FE00CC119F /* PageViewController.swift */; };
		B6DB6A0028A93DC900CC119F /* FeatureCard.swift in Sources */ = {isa = PBXBuildFile; fileRef = B6DB69FF28A93DC900CC119F /* FeatureCard.swift */; };
		B6DB6A0228A93FF600CC119F /* PageView.swift in Sources */ = {isa = PBXBuildFile; fileRef = B6DB6A0128A93FF600CC119F /* PageView.swift */; };
		B6DB6A0428A94D6400CC119F /* PageControl.swift in Sources */ = {isa = PBXBuildFile; fileRef = B6DB6A0328A94D6400CC119F /* PageControl.swift */; };
/* End PBXBuildFile section */

/* Begin PBXFileReference section */
		B627E23128A193C900936852 /* LandmarkList.swift */ = {isa = PBXFileReference; lastKnownFileType = sourcecode.swift; path = LandmarkList.swift; sourceTree = "<group>"; };
		B627E23328A1954400936852 /* LandmarkDetail.swift */ = {isa = PBXFileReference; lastKnownFileType = sourcecode.swift; path = LandmarkDetail.swift; sourceTree = "<group>"; };
		B627E23528A1C60900936852 /* FavoriteButton.swift */ = {isa = PBXFileReference; lastKnownFileType = sourcecode.swift; path = FavoriteButton.swift; sourceTree = "<group>"; };
		B62BAED828A1847D004BC41E /* Landmarks.app */ = {isa = PBXFileReference; explicitFileType = wrapper.application; includeInIndex = 0; path = Landmarks.app; sourceTree = BUILT_PRODUCTS_DIR; };
		B62BAEDB28A1847D004BC41E /* LandmarksApp.swift */ = {isa = PBXFileReference; lastKnownFileType = sourcecode.swift; path = LandmarksApp.swift; sourceTree = "<group>"; };
		B62BAEDD28A1847D004BC41E /* ContentView.swift */ = {isa = PBXFileReference; lastKnownFileType = sourcecode.swift; path = ContentView.swift; sourceTree = "<group>"; };
		B62BAEDF28A1847F004BC41E /* Assets.xcassets */ = {isa = PBXFileReference; lastKnownFileType = folder.assetcatalog; path = Assets.xcassets; sourceTree = "<group>"; };
		B62BAEE228A1847F004BC41E /* Preview Assets.xcassets */ = {isa = PBXFileReference; lastKnownFileType = folder.assetcatalog; path = "Preview Assets.xcassets"; sourceTree = "<group>"; };
		B645425B28A80BB1001EC808 /* BadgeSymbol.swift */ = {isa = PBXFileReference; lastKnownFileType = sourcecode.swift; path = BadgeSymbol.swift; sourceTree = "<group>"; };
		B645425D28A80D8F001EC808 /* RotatedBadgeSymbol.swift */ = {isa = PBXFileReference; lastKnownFileType = sourcecode.swift; path = RotatedBadgeSymbol.swift; sourceTree = "<group>"; };
		B645425F28A80E50001EC808 /* Badge.swift */ = {isa = PBXFileReference; lastKnownFileType = sourcecode.swift; path = Badge.swift; sourceTree = "<group>"; };
		B645426228A81110001EC808 /* hikeData.json */ = {isa = PBXFileReference; fileEncoding = 4; lastKnownFileType = text.json; path = hikeData.json; sourceTree = "<group>"; };
		B645426428A81121001EC808 /* Hike.swift */ = {isa = PBXFileReference; lastKnownFileType = sourcecode.swift; path = Hike.swift; sourceTree = "<group>"; };
		B645426728A812AA001EC808 /* GraphCapsule.swift */ = {isa = PBXFileReference; fileEncoding = 4; lastKnownFileType = sourcecode.swift; path = GraphCapsule.swift; sourceTree = "<group>"; };
		B645426828A812AA001EC808 /* HikeGraph.swift */ = {isa = PBXFileReference; fileEncoding = 4; lastKnownFileType = sourcecode.swift; path = HikeGraph.swift; sourceTree = "<group>"; };
		B645426928A812AA001EC808 /* HikeDetail.swift */ = {isa = PBXFileReference; fileEncoding = 4; lastKnownFileType = sourcecode.swift; path = HikeDetail.swift; sourceTree = "<group>"; };
		B645426A28A812AA001EC808 /* HikeView.swift */ = {isa = PBXFileReference; fileEncoding = 4; lastKnownFileType = sourcecode.swift; path = HikeView.swift; sourceTree = "<group>"; };
		B645427028A90796001EC808 /* CategoryHome.swift */ = {isa = PBXFileReference; lastKnownFileType = sourcecode.swift; path = CategoryHome.swift; sourceTree = "<group>"; };
		B645427228A90C0C001EC808 /* CategoryRow.swift */ = {isa = PBXFileReference; lastKnownFileType = sourcecode.swift; path = CategoryRow.swift; sourceTree = "<group>"; };
		B645427628A911E8001EC808 /* CategoryItem.swift */ = {isa = PBXFileReference; lastKnownFileType = sourcecode.swift; path = CategoryItem.swift; sourceTree = "<group>"; };
		B645427828A922C0001EC808 /* Profile.swift */ = {isa = PBXFileReference; lastKnownFileType = sourcecode.swift; path = Profile.swift; sourceTree = "<group>"; };
		B645427B28A923C6001EC808 /* ProfileHost.swift */ = {isa = PBXFileReference; lastKnownFileType = sourcecode.swift; path = ProfileHost.swift; sourceTree = "<group>"; };
		B645427D28A924B1001EC808 /* ProfileSummary.swift */ = {isa = PBXFileReference; lastKnownFileType = sourcecode.swift; path = ProfileSummary.swift; sourceTree = "<group>"; };
		B645427F28A92690001EC808 /* HikesBadge.swift */ = {isa = PBXFileReference; lastKnownFileType = sourcecode.swift; path = HikesBadge.swift; sourceTree = "<group>"; };
		B654B33F28A1881500069AB5 /* CircleImage.swift */ = {isa = PBXFileReference; lastKnownFileType = sourcecode.swift; path = CircleImage.swift; sourceTree = "<group>"; };
		B654B34128A1894000069AB5 /* MapView.swift */ = {isa = PBXFileReference; lastKnownFileType = sourcecode.swift; path = MapView.swift; sourceTree = "<group>"; };
		B654B34328A18EB500069AB5 /* landmarkData.json */ = {isa = PBXFileReference; fileEncoding = 4; lastKnownFileType = text.json; path = landmarkData.json; sourceTree = "<group>"; };
		B654B34528A18EFF00069AB5 /* Landmark.swift */ = {isa = PBXFileReference; lastKnownFileType = sourcecode.swift; path = Landmark.swift; sourceTree = "<group>"; };
		B654B34728A1906800069AB5 /* ModelData.swift */ = {isa = PBXFileReference; lastKnownFileType = sourcecode.swift; path = ModelData.swift; sourceTree = "<group>"; };
		B68D64AD28A2EE8E00435FB2 /* HexagonParameters.swift */ = {isa = PBXFileReference; lastKnownFileType = sourcecode.swift; path = HexagonParameters.swift; sourceTree = "<group>"; };
		B68D64B128A2EFDE00435FB2 /* BadgeBackground.swift */ = {isa = PBXFileReference; lastKnownFileType = sourcecode.swift; path = BadgeBackground.swift; sourceTree = "<group>"; };
		B69407D628A19217003D7F5A /* LandmarkRow.swift */ = {isa = PBXFileReference; lastKnownFileType = sourcecode.swift; path = LandmarkRow.swift; sourceTree = "<group>"; };
		B698114428A92FA1006ECD3A /* ProfileEditor.swift */ = {isa = PBXFileReference; lastKnownFileType = sourcecode.swift; path = ProfileEditor.swift; sourceTree = "<group>"; };
		B6DB69FD28A938FE00CC119F /* PageViewController.swift */ = {isa = PBXFileReference; lastKnownFileType = sourcecode.swift; path = PageViewController.swift; sourceTree = "<group>"; };
		B6DB69FF28A93DC900CC119F /* FeatureCard.swift */ = {isa = PBXFileReference; lastKnownFileType = sourcecode.swift; path = FeatureCard.swift; sourceTree = "<group>"; };
		B6DB6A0128A93FF600CC119F /* PageView.swift */ = {isa = PBXFileReference; lastKnownFileType = sourcecode.swift; path = PageView.swift; sourceTree = "<group>"; };
		B6DB6A0328A94D6400CC119F /* PageControl.swift */ = {isa = PBXFileReference; lastKnownFileType = sourcecode.swift; path = PageControl.swift; sourceTree = "<group>"; };
/* End PBXFileReference section */

/* Begin PBXFrameworksBuildPhase section */
		B62BAED528A1847D004BC41E /* Frameworks */ = {
			isa = PBXFrameworksBuildPhase;
			buildActionMask = 2147483647;
			files = (
			);
			runOnlyForDeploymentPostprocessing = 0;
		};
/* End PBXFrameworksBuildPhase section */

/* Begin PBXGroup section */
		B627E23728A1C6F400936852 /* Helpers */ = {
			isa = PBXGroup;
			children = (
				B654B33F28A1881500069AB5 /* CircleImage.swift */,
				B627E23528A1C60900936852 /* FavoriteButton.swift */,
				B654B34128A1894000069AB5 /* MapView.swift */,
			);
			path = Helpers;
			sourceTree = "<group>";
		};
		B627E23828A1C6FE00936852 /* Landmarks */ = {
			isa = PBXGroup;
			children = (
				B69407D628A19217003D7F5A /* LandmarkRow.swift */,
				B627E23128A193C900936852 /* LandmarkList.swift */,
				B627E23328A1954400936852 /* LandmarkDetail.swift */,
				B62BAEDD28A1847D004BC41E /* ContentView.swift */,
			);
			path = Landmarks;
			sourceTree = "<group>";
		};
		B62BAECF28A1847D004BC41E = {
			isa = PBXGroup;
			children = (
				B62BAEDA28A1847D004BC41E /* Landmarks */,
				B62BAED928A1847D004BC41E /* Products */,
			);
			sourceTree = "<group>";
		};
		B62BAED928A1847D004BC41E /* Products */ = {
			isa = PBXGroup;
			children = (
				B62BAED828A1847D004BC41E /* Landmarks.app */,
			);
			name = Products;
			sourceTree = "<group>";
		};
		B62BAEDA28A1847D004BC41E /* Landmarks */ = {
			isa = PBXGroup;
			children = (
				B62BAEDB28A1847D004BC41E /* LandmarksApp.swift */,
				B69407D328A191C2003D7F5A /* Views */,
				B69407D428A191CF003D7F5A /* Model */,
				B69407D528A191DA003D7F5A /* Resources */,
				B62BAEDF28A1847F004BC41E /* Assets.xcassets */,
				B62BAEE128A1847F004BC41E /* Preview Content */,
			);
			path = Landmarks;
			sourceTree = "<group>";
		};
		B62BAEE128A1847F004BC41E /* Preview Content */ = {
			isa = PBXGroup;
			children = (
				B62BAEE228A1847F004BC41E /* Preview Assets.xcassets */,
			);
			path = "Preview Content";
			sourceTree = "<group>";
		};
		B645426128A80FA1001EC808 /* Badge */ = {
			isa = PBXGroup;
			children = (
				B68D64AD28A2EE8E00435FB2 /* HexagonParameters.swift */,
				B68D64B128A2EFDE00435FB2 /* BadgeBackground.swift */,
				B645425B28A80BB1001EC808 /* BadgeSymbol.swift */,
				B645425D28A80D8F001EC808 /* RotatedBadgeSymbol.swift */,
				B645425F28A80E50001EC808 /* Badge.swift */,
			);
			path = Badge;
			sourceTree = "<group>";
		};
		B645426628A812AA001EC808 /* Hikes */ = {
			isa = PBXGroup;
			children = (
				B645426728A812AA001EC808 /* GraphCapsule.swift */,
				B645426828A812AA001EC808 /* HikeGraph.swift */,
				B645426928A812AA001EC808 /* HikeDetail.swift */,
				B645426A28A812AA001EC808 /* HikeView.swift */,
				B645427F28A92690001EC808 /* HikesBadge.swift */,
			);
			path = Hikes;
			sourceTree = "<group>";
		};
		B645426F28A9078C001EC808 /* Categories */ = {
			isa = PBXGroup;
			children = (
				B645427028A90796001EC808 /* CategoryHome.swift */,
				B645427228A90C0C001EC808 /* CategoryRow.swift */,
				B645427628A911E8001EC808 /* CategoryItem.swift */,
			);
			path = Categories;
			sourceTree = "<group>";
		};
		B645427A28A923B9001EC808 /* Profiles */ = {
			isa = PBXGroup;
			children = (
				B645427B28A923C6001EC808 /* ProfileHost.swift */,
				B698114428A92FA1006ECD3A /* ProfileEditor.swift */,
				B645427D28A924B1001EC808 /* ProfileSummary.swift */,
			);
			path = Profiles;
			sourceTree = "<group>";
		};
		B69407D328A191C2003D7F5A /* Views */ = {
			isa = PBXGroup;
			children = (
				B6DB69FC28A938E900CC119F /* PageView */,
				B645427A28A923B9001EC808 /* Profiles */,
				B645426F28A9078C001EC808 /* Categories */,
				B645426628A812AA001EC808 /* Hikes */,
				B627E23728A1C6F400936852 /* Helpers */,
				B627E23828A1C6FE00936852 /* Landmarks */,
				B645426128A80FA1001EC808 /* Badge */,
			);
			path = Views;
			sourceTree = "<group>";
		};
		B69407D428A191CF003D7F5A /* Model */ = {
			isa = PBXGroup;
			children = (
				B645426428A81121001EC808 /* Hike.swift */,
				B654B34528A18EFF00069AB5 /* Landmark.swift */,
				B654B34728A1906800069AB5 /* ModelData.swift */,
				B645427828A922C0001EC808 /* Profile.swift */,
			);
			path = Model;
			sourceTree = "<group>";
		};
		B69407D528A191DA003D7F5A /* Resources */ = {
			isa = PBXGroup;
			children = (
				B654B34328A18EB500069AB5 /* landmarkData.json */,
				B645426228A81110001EC808 /* hikeData.json */,
			);
			path = Resources;
			sourceTree = "<group>";
		};
		B6DB69FC28A938E900CC119F /* PageView */ = {
			isa = PBXGroup;
			children = (
				B6DB69FD28A938FE00CC119F /* PageViewController.swift */,
				B6DB69FF28A93DC900CC119F /* FeatureCard.swift */,
				B6DB6A0128A93FF600CC119F /* PageView.swift */,
				B6DB6A0328A94D6400CC119F /* PageControl.swift */,
			);
			path = PageView;
			sourceTree = "<group>";
		};
/* End PBXGroup section */

/* Begin PBXNativeTarget section */
		B62BAED728A1847D004BC41E /* Landmarks */ = {
			isa = PBXNativeTarget;
			buildConfigurationList = B62BAEE628A1847F004BC41E /* Build configuration list for PBXNativeTarget "Landmarks" */;
			buildPhases = (
				B62BAED428A1847D004BC41E /* Sources */,
				B62BAED528A1847D004BC41E /* Frameworks */,
				B62BAED628A1847D004BC41E /* Resources */,
			);
			buildRules = (
			);
			dependencies = (
			);
			name = Landmarks;
			productName = Landmarks;
			productReference = B62BAED828A1847D004BC41E /* Landmarks.app */;
			productType = "com.apple.product-type.application";
		};
/* End PBXNativeTarget section */

/* Begin PBXProject section */
		B62BAED028A1847D004BC41E /* Project object */ = {
			isa = PBXProject;
			attributes = {
				BuildIndependentTargetsInParallel = 1;
				LastSwiftUpdateCheck = 1340;
				LastUpgradeCheck = 1340;
				TargetAttributes = {
					B62BAED728A1847D004BC41E = {
						CreatedOnToolsVersion = 13.4.1;
					};
				};
			};
			buildConfigurationList = B62BAED328A1847D004BC41E /* Build configuration list for PBXProject "Landmarks" */;
			compatibilityVersion = "Xcode 13.0";
			developmentRegion = en;
			hasScannedForEncodings = 0;
			knownRegions = (
				en,
				Base,
			);
			mainGroup = B62BAECF28A1847D004BC41E;
			productRefGroup = B62BAED928A1847D004BC41E /* Products */;
			projectDirPath = "";
			projectRoot = "";
			targets = (
				B62BAED728A1847D004BC41E /* Landmarks */,
			);
		};
/* End PBXProject section */

/* Begin PBXResourcesBuildPhase section */
		B62BAED628A1847D004BC41E /* Resources */ = {
			isa = PBXResourcesBuildPhase;
			buildActionMask = 2147483647;
			files = (
				B645426328A81110001EC808 /* hikeData.json in Resources */,
				B62BAEE328A1847F004BC41E /* Preview Assets.xcassets in Resources */,
				B62BAEE028A1847F004BC41E /* Assets.xcassets in Resources */,
				B654B34428A18EB500069AB5 /* landmarkData.json in Resources */,
			);
			runOnlyForDeploymentPostprocessing = 0;
		};
/* End PBXResourcesBuildPhase section */

/* Begin PBXSourcesBuildPhase section */
		B62BAED428A1847D004BC41E /* Sources */ = {
			isa = PBXSourcesBuildPhase;
			buildActionMask = 2147483647;
			files = (
				B645427328A90C0C001EC808 /* CategoryRow.swift in Sources */,
				B645428028A92690001EC808 /* HikesBadge.swift in Sources */,
				B645427928A922C0001EC808 /* Profile.swift in Sources */,
				B62BAEDE28A1847D004BC41E /* ContentView.swift in Sources */,
				B6DB6A0028A93DC900CC119F /* FeatureCard.swift in Sources */,
				B645427128A90796001EC808 /* CategoryHome.swift in Sources */,
				B645426C28A812AA001EC808 /* HikeGraph.swift in Sources */,
				B645426028A80E50001EC808 /* Badge.swift in Sources */,
				B654B34228A1894000069AB5 /* MapView.swift in Sources */,
				B645426B28A812AA001EC808 /* GraphCapsule.swift in Sources */,
				B6DB6A0428A94D6400CC119F /* PageControl.swift in Sources */,
				B62BAEDC28A1847D004BC41E /* LandmarksApp.swift in Sources */,
				B627E23628A1C60900936852 /* FavoriteButton.swift in Sources */,
				B645426D28A812AA001EC808 /* HikeDetail.swift in Sources */,
				B68D64AE28A2EE8E00435FB2 /* HexagonParameters.swift in Sources */,
				B645427E28A924B1001EC808 /* ProfileSummary.swift in Sources */,
				B645426528A81121001EC808 /* Hike.swift in Sources */,
				B645427C28A923C6001EC808 /* ProfileHost.swift in Sources */,
				B645425E28A80D8F001EC808 /* RotatedBadgeSymbol.swift in Sources */,
				B6DB6A0228A93FF600CC119F /* PageView.swift in Sources */,
				B645425C28A80BB1001EC808 /* BadgeSymbol.swift in Sources */,
				B698114528A92FA1006ECD3A /* ProfileEditor.swift in Sources */,
				B654B34028A1881500069AB5 /* CircleImage.swift in Sources */,
				B645426E28A812AA001EC808 /* HikeView.swift in Sources */,
				B627E23428A1954400936852 /* LandmarkDetail.swift in Sources */,
				B6DB69FE28A938FE00CC119F /* PageViewController.swift in Sources */,
				B68D64B228A2EFDE00435FB2 /* BadgeBackground.swift in Sources */,
				B645427728A911E8001EC808 /* CategoryItem.swift in Sources */,
				B654B34628A18EFF00069AB5 /* Landmark.swift in Sources */,
				B69407D728A19217003D7F5A /* LandmarkRow.swift in Sources */,
				B654B34828A1906800069AB5 /* ModelData.swift in Sources */,
				B627E23228A193C900936852 /* LandmarkList.swift in Sources */,
			);
			runOnlyForDeploymentPostprocessing = 0;
		};
/* End PBXSourcesBuildPhase section */

/* Begin XCBuildConfiguration section */
		B62BAEE428A1847F004BC41E /* Debug */ = {
			isa = XCBuildConfiguration;
			buildSettings = {
				ALWAYS_SEARCH_USER_PATHS = NO;
				CLANG_ANALYZER_NONNULL = YES;
				CLANG_ANALYZER_NUMBER_OBJECT_CONVERSION = YES_AGGRESSIVE;
				CLANG_CXX_LANGUAGE_STANDARD = "gnu++17";
				CLANG_ENABLE_MODULES = YES;
				CLANG_ENABLE_OBJC_ARC = YES;
				CLANG_ENABLE_OBJC_WEAK = YES;
				CLANG_WARN_BLOCK_CAPTURE_AUTORELEASING = YES;
				CLANG_WARN_BOOL_CONVERSION = YES;
				CLANG_WARN_COMMA = YES;
				CLANG_WARN_CONSTANT_CONVERSION = YES;
				CLANG_WARN_DEPRECATED_OBJC_IMPLEMENTATIONS = YES;
				CLANG_WARN_DIRECT_OBJC_ISA_USAGE = YES_ERROR;
				CLANG_WARN_DOCUMENTATION_COMMENTS = YES;
				CLANG_WARN_EMPTY_BODY = YES;
				CLANG_WARN_ENUM_CONVERSION = YES;
				CLANG_WARN_INFINITE_RECURSION = YES;
				CLANG_WARN_INT_CONVERSION = YES;
				CLANG_WARN_NON_LITERAL_NULL_CONVERSION = YES;
				CLANG_WARN_OBJC_IMPLICIT_RETAIN_SELF = YES;
				CLANG_WARN_OBJC_LITERAL_CONVERSION = YES;
				CLANG_WARN_OBJC_ROOT_CLASS = YES_ERROR;
				CLANG_WARN_QUOTED_INCLUDE_IN_FRAMEWORK_HEADER = YES;
				CLANG_WARN_RANGE_LOOP_ANALYSIS = YES;
				CLANG_WARN_STRICT_PROTOTYPES = YES;
				CLANG_WARN_SUSPICIOUS_MOVE = YES;
				CLANG_WARN_UNGUARDED_AVAILABILITY = YES_AGGRESSIVE;
				CLANG_WARN_UNREACHABLE_CODE = YES;
				CLANG_WARN__DUPLICATE_METHOD_MATCH = YES;
				COPY_PHASE_STRIP = NO;
				DEBUG_INFORMATION_FORMAT = dwarf;
				ENABLE_STRICT_OBJC_MSGSEND = YES;
				ENABLE_TESTABILITY = YES;
				GCC_C_LANGUAGE_STANDARD = gnu11;
				GCC_DYNAMIC_NO_PIC = NO;
				GCC_NO_COMMON_BLOCKS = YES;
				GCC_OPTIMIZATION_LEVEL = 0;
				GCC_PREPROCESSOR_DEFINITIONS = (
					"DEBUG=1",
					"$(inherited)",
				);
				GCC_WARN_64_TO_32_BIT_CONVERSION = YES;
				GCC_WARN_ABOUT_RETURN_TYPE = YES_ERROR;
				GCC_WARN_UNDECLARED_SELECTOR = YES;
				GCC_WARN_UNINITIALIZED_AUTOS = YES_AGGRESSIVE;
				GCC_WARN_UNUSED_FUNCTION = YES;
				GCC_WARN_UNUSED_VARIABLE = YES;
				IPHONEOS_DEPLOYMENT_TARGET = 15.5;
				MTL_ENABLE_DEBUG_INFO = INCLUDE_SOURCE;
				MTL_FAST_MATH = YES;
				ONLY_ACTIVE_ARCH = YES;
				SDKROOT = iphoneos;
				SWIFT_ACTIVE_COMPILATION_CONDITIONS = DEBUG;
				SWIFT_OPTIMIZATION_LEVEL = "-Onone";
			};
			name = Debug;
		};
		B62BAEE528A1847F004BC41E /* Release */ = {
			isa = XCBuildConfiguration;
			buildSettings = {
				ALWAYS_SEARCH_USER_PATHS = NO;
				CLANG_ANALYZER_NONNULL = YES;
				CLANG_ANALYZER_NUMBER_OBJECT_CONVERSION = YES_AGGRESSIVE;
				CLANG_CXX_LANGUAGE_STANDARD = "gnu++17";
				CLANG_ENABLE_MODULES = YES;
				CLANG_ENABLE_OBJC_ARC = YES;
				CLANG_ENABLE_OBJC_WEAK = YES;
				CLANG_WARN_BLOCK_CAPTURE_AUTORELEASING = YES;
				CLANG_WARN_BOOL_CONVERSION = YES;
				CLANG_WARN_COMMA = YES;
				CLANG_WARN_CONSTANT_CONVERSION = YES;
				CLANG_WARN_DEPRECATED_OBJC_IMPLEMENTATIONS = YES;
				CLANG_WARN_DIRECT_OBJC_ISA_USAGE = YES_ERROR;
				CLANG_WARN_DOCUMENTATION_COMMENTS = YES;
				CLANG_WARN_EMPTY_BODY = YES;
				CLANG_WARN_ENUM_CONVERSION = YES;
				CLANG_WARN_INFINITE_RECURSION = YES;
				CLANG_WARN_INT_CONVERSION = YES;
				CLANG_WARN_NON_LITERAL_NULL_CONVERSION = YES;
				CLANG_WARN_OBJC_IMPLICIT_RETAIN_SELF = YES;
				CLANG_WARN_OBJC_LITERAL_CONVERSION = YES;
				CLANG_WARN_OBJC_ROOT_CLASS = YES_ERROR;
				CLANG_WARN_QUOTED_INCLUDE_IN_FRAMEWORK_HEADER = YES;
				CLANG_WARN_RANGE_LOOP_ANALYSIS = YES;
				CLANG_WARN_STRICT_PROTOTYPES = YES;
				CLANG_WARN_SUSPICIOUS_MOVE = YES;
				CLANG_WARN_UNGUARDED_AVAILABILITY = YES_AGGRESSIVE;
				CLANG_WARN_UNREACHABLE_CODE = YES;
				CLANG_WARN__DUPLICATE_METHOD_MATCH = YES;
				COPY_PHASE_STRIP = NO;
				DEBUG_INFORMATION_FORMAT = "dwarf-with-dsym";
				ENABLE_NS_ASSERTIONS = NO;
				ENABLE_STRICT_OBJC_MSGSEND = YES;
				GCC_C_LANGUAGE_STANDARD = gnu11;
				GCC_NO_COMMON_BLOCKS = YES;
				GCC_WARN_64_TO_32_BIT_CONVERSION = YES;
				GCC_WARN_ABOUT_RETURN_TYPE = YES_ERROR;
				GCC_WARN_UNDECLARED_SELECTOR = YES;
				GCC_WARN_UNINITIALIZED_AUTOS = YES_AGGRESSIVE;
				GCC_WARN_UNUSED_FUNCTION = YES;
				GCC_WARN_UNUSED_VARIABLE = YES;
				IPHONEOS_DEPLOYMENT_TARGET = 15.5;
				MTL_ENABLE_DEBUG_INFO = NO;
				MTL_FAST_MATH = YES;
				SDKROOT = iphoneos;
				SWIFT_COMPILATION_MODE = wholemodule;
				SWIFT_OPTIMIZATION_LEVEL = "-O";
				VALIDATE_PRODUCT = YES;
			};
			name = Release;
		};
		B62BAEE728A1847F004BC41E /* Debug */ = {
			isa = XCBuildConfiguration;
			buildSettings = {
				ASSETCATALOG_COMPILER_APPICON_NAME = AppIcon;
				ASSETCATALOG_COMPILER_GLOBAL_ACCENT_COLOR_NAME = AccentColor;
				CODE_SIGN_STYLE = Automatic;
				CURRENT_PROJECT_VERSION = 1;
				DEVELOPMENT_ASSET_PATHS = "\"Landmarks/Preview Content\"";
				DEVELOPMENT_TEAM = Z2HJ3JUVFN;
				ENABLE_PREVIEWS = YES;
				GENERATE_INFOPLIST_FILE = YES;
				INFOPLIST_KEY_UIApplicationSceneManifest_Generation = YES;
				INFOPLIST_KEY_UIApplicationSupportsIndirectInputEvents = YES;
				INFOPLIST_KEY_UILaunchScreen_Generation = YES;
				INFOPLIST_KEY_UISupportedInterfaceOrientations_iPad = "UIInterfaceOrientationPortrait UIInterfaceOrientationPortraitUpsideDown UIInterfaceOrientationLandscapeLeft UIInterfaceOrientationLandscapeRight";
				INFOPLIST_KEY_UISupportedInterfaceOrientations_iPhone = "UIInterfaceOrientationPortrait UIInterfaceOrientationLandscapeLeft UIInterfaceOrientationLandscapeRight";
				LD_RUNPATH_SEARCH_PATHS = (
					"$(inherited)",
					"@executable_path/Frameworks",
				);
				MARKETING_VERSION = 1.0;
				PRODUCT_BUNDLE_IDENTIFIER = EduardElenskiy.Landmarks;
				PRODUCT_NAME = "$(TARGET_NAME)";
				SWIFT_EMIT_LOC_STRINGS = YES;
				SWIFT_VERSION = 5.0;
				TARGETED_DEVICE_FAMILY = "1,2";
			};
			name = Debug;
		};
		B62BAEE828A1847F004BC41E /* Release */ = {
			isa = XCBuildConfiguration;
			buildSettings = {
				ASSETCATALOG_COMPILER_APPICON_NAME = AppIcon;
				ASSETCATALOG_COMPILER_GLOBAL_ACCENT_COLOR_NAME = AccentColor;
				CODE_SIGN_STYLE = Automatic;
				CURRENT_PROJECT_VERSION = 1;
				DEVELOPMENT_ASSET_PATHS = "\"Landmarks/Preview Content\"";
				DEVELOPMENT_TEAM = Z2HJ3JUVFN;
				ENABLE_PREVIEWS = YES;
				GENERATE_INFOPLIST_FILE = YES;
				INFOPLIST_KEY_UIApplicationSceneManifest_Generation = YES;
				INFOPLIST_KEY_UIApplicationSupportsIndirectInputEvents = YES;
				INFOPLIST_KEY_UILaunchScreen_Generation = YES;
				INFOPLIST_KEY_UISupportedInterfaceOrientations_iPad = "UIInterfaceOrientationPortrait UIInterfaceOrientationPortraitUpsideDown UIInterfaceOrientationLandscapeLeft UIInterfaceOrientationLandscapeRight";
				INFOPLIST_KEY_UISupportedInterfaceOrientations_iPhone = "UIInterfaceOrientationPortrait UIInterfaceOrientationLandscapeLeft UIInterfaceOrientationLandscapeRight";
				LD_RUNPATH_SEARCH_PATHS = (
					"$(inherited)",
					"@executable_path/Frameworks",
				);
				MARKETING_VERSION = 1.0;
				PRODUCT_BUNDLE_IDENTIFIER = EduardElenskiy.Landmarks;
				PRODUCT_NAME = "$(TARGET_NAME)";
				SWIFT_EMIT_LOC_STRINGS = YES;
				SWIFT_VERSION = 5.0;
				TARGETED_DEVICE_FAMILY = "1,2";
			};
			name = Release;
		};
/* End XCBuildConfiguration section */

/* Begin XCConfigurationList section */
		B62BAED328A1847D004BC41E /* Build configuration list for PBXProject "Landmarks" */ = {
			isa = XCConfigurationList;
			buildConfigurations = (
				B62BAEE428A1847F004BC41E /* Debug */,
				B62BAEE528A1847F004BC41E /* Release */,
			);
			defaultConfigurationIsVisible = 0;
			defaultConfigurationName = Release;
		};
		B62BAEE628A1847F004BC41E /* Build configuration list for PBXNativeTarget "Landmarks" */ = {
			isa = XCConfigurationList;
			buildConfigurations = (
				B62BAEE728A1847F004BC41E /* Debug */,
				B62BAEE828A1847F004BC41E /* Release */,
			);
			defaultConfigurationIsVisible = 0;
			defaultConfigurationName = Release;
		};
/* End XCConfigurationList section */
	};
	rootObject = B62BAED028A1847D004BC41E /* Project object */;
}
